
Microsoft Visual Studio Solution File, Format Version 12.00
Project("{FAE04EC0-301F-11D3-BF4B-00C04F79EFBC}") = "DrakkarVpn.User.Api", "hosts\DrakkarVpn.User.Api\DrakkarVpn.User.Api.csproj", "{00571020-03C3-4EE8-80E0-B30FA64D6BE3}"
EndProject
Project("{FAE04EC0-301F-11D3-BF4B-00C04F79EFBC}") = "DrakkarVpn.Bot", "hosts\DrakkarVpn.Bot\DrakkarVpn.Bot.csproj", "{536EF018-4F81-40AA-887E-8DCF2734E574}"
EndProject
Project("{FAE04EC0-301F-11D3-BF4B-00C04F79EFBC}") = "DrakkarVpn.Agent", "hosts\DrakkarVpn.Agent\DrakkarVpn.Agent.csproj", "{84A3E652-6E8A-435C-9489-61C9216A3DBA}"
EndProject
Project("{FAE04EC0-301F-11D3-BF4B-00C04F79EFBC}") = "DrakkarVpn.Shared", "infrastructure\DrakkarVpn.Shared\DrakkarVpn.Shared.csproj", "{6B277813-E3E9-4F46-AC6E-588F0E8652DE}"
EndProject
Project("{FAE04EC0-301F-11D3-BF4B-00C04F79EFBC}") = "DrakkarVpn.Admin.Api", "hosts\DrakkarVpn.Admin.Api\DrakkarVpn.Admin.Api.csproj", "{FC7BC5D8-C7ED-4773-845B-E03862FAAE12}"
EndProject
Project("{2150E333-8FDC-42A3-9474-1A3956D46DE8}") = "Modules", "Modules", "{78A68D04-44A3-49A5-B990-B8B9299ABE4F}"
EndProject
Project("{FAE04EC0-301F-11D3-BF4B-00C04F79EFBC}") = "DrakkarVpn.Users", "modules\DrakkarVpn.Users\DrakkarVpn.Users.csproj", "{5ADCB17B-39EB-4FCC-9C6F-DC6519AA4C73}"
EndProject
Project("{FAE04EC0-301F-11D3-BF4B-00C04F79EFBC}") = "DrakkarVpn.Tariffs", "modules\DrakkarVpn.Tariffs\DrakkarVpn.Tariffs.csproj", "{51229ED8-57FE-4F45-B14E-A227237A6EEF}"
EndProject
Project("{FAE04EC0-301F-11D3-BF4B-00C04F79EFBC}") = "DrakkarVpn.Subscriptions", "modules\DrakkarVpn.Subscriptions\DrakkarVpn.Subscriptions.csproj", "{DD139EE7-0D16-4828-BE35-4E52E3D9BCEA}"
EndProject
Project("{FAE04EC0-301F-11D3-BF4B-00C04F79EFBC}") = "DrakkarVpn.Servers", "modules\DrakkarVpn.Servers\DrakkarVpn.Servers.csproj", "{2C9D986C-61D7-4449-B80C-D0726FA85C17}"
EndProject
Project("{FAE04EC0-301F-11D3-BF4B-00C04F79EFBC}") = "DrakkarVpn.Peers", "modules\DrakkarVpn.Peers\DrakkarVpn.Peers.csproj", "{BBA40F3E-8E3F-429A-A4B5-7283F9E2AB75}"
EndProject
Project("{FAE04EC0-301F-11D3-BF4B-00C04F79EFBC}") = "DrakkarVpn.Observability", "modules\DrakkarVpn.Observability\DrakkarVpn.Observability.csproj", "{D236A354-9717-4E1B-85E8-2DBE051E60F1}"
EndProject
Project("{FAE04EC0-301F-11D3-BF4B-00C04F79EFBC}") = "DrakkarVpn.AdminAuth", "modules\DrakkarVpn.AdminAuth\DrakkarVpn.AdminAuth.csproj", "{A9E0C68A-3B7C-4B90-89D3-4F305DCC4E78}"
EndProject
Project("{2150E333-8FDC-42A3-9474-1A3956D46DE8}") = "Hosts", "Hosts", "{49858354-FA40-4829-A3AB-552D2B72865F}"
EndProject
Project("{FAE04EC0-301F-11D3-BF4B-00C04F79EFBC}") = "DrakkarVpn.Idempotency", "infrastructure\DrakkarVpn.Idempotency\DrakkarVpn.Idempotency.csproj", "{3B74EFB3-8331-4490-A7FC-80948EB33436}"
EndProject
Project("{FAE04EC0-301F-11D3-BF4B-00C04F79EFBC}") = "DrakkarVpn.DbMigrator", "hosts\DrakkarVpn.DbMigrator\DrakkarVpn.DbMigrator.csproj", "{F0B0A895-EDBD-4B28-B689-B4EC996E0C9A}"
EndProject
Project("{2150E333-8FDC-42A3-9474-1A3956D46DE8}") = "Infrastructure", "Infrastructure", "{E8E8E8E8-E8E8-4E8E-8E8E-E8E8E8E8E8E8}"
EndProject
Project("{FAE04EC0-301F-11D3-BF4B-00C04F79EFBC}") = "DrakkarVpn.HostInfrastructure", "infrastructure\DrakkarVpn.HostInfrastructure\DrakkarVpn.HostInfrastructure.csproj", "{04C90D09-1579-470C-AE2C-E275D40C5511}"
EndProject
Global
	GlobalSection(SolutionConfigurationPlatforms) = preSolution
		Debug|Any CPU = Debug|Any CPU
		Release|Any CPU = Release|Any CPU
	EndGlobalSection
	GlobalSection(ProjectConfigurationPlatforms) = postSolution
		{00571020-03C3-4EE8-80E0-B30FA64D6BE3}.Debug|Any CPU.ActiveCfg = Debug|Any CPU
		{00571020-03C3-4EE8-80E0-B30FA64D6BE3}.Debug|Any CPU.Build.0 = Debug|Any CPU
		{00571020-03C3-4EE8-80E0-B30FA64D6BE3}.Release|Any CPU.ActiveCfg = Release|Any CPU
		{00571020-03C3-4EE8-80E0-B30FA64D6BE3}.Release|Any CPU.Build.0 = Release|Any CPU
		{536EF018-4F81-40AA-887E-8DCF2734E574}.Debug|Any CPU.ActiveCfg = Debug|Any CPU
		{536EF018-4F81-40AA-887E-8DCF2734E574}.Debug|Any CPU.Build.0 = Debug|Any CPU
		{536EF018-4F81-40AA-887E-8DCF2734E574}.Release|Any CPU.ActiveCfg = Release|Any CPU
		{536EF018-4F81-40AA-887E-8DCF2734E574}.Release|Any CPU.Build.0 = Release|Any CPU
		{84A3E652-6E8A-435C-9489-61C9216A3DBA}.Debug|Any CPU.ActiveCfg = Debug|Any CPU
		{84A3E652-6E8A-435C-9489-61C9216A3DBA}.Debug|Any CPU.Build.0 = Debug|Any CPU
		{84A3E652-6E8A-435C-9489-61C9216A3DBA}.Release|Any CPU.ActiveCfg = Release|Any CPU
		{84A3E652-6E8A-435C-9489-61C9216A3DBA}.Release|Any CPU.Build.0 = Release|Any CPU
		{6B277813-E3E9-4F46-AC6E-588F0E8652DE}.Debug|Any CPU.ActiveCfg = Debug|Any CPU
		{6B277813-E3E9-4F46-AC6E-588F0E8652DE}.Debug|Any CPU.Build.0 = Debug|Any CPU
		{6B277813-E3E9-4F46-AC6E-588F0E8652DE}.Release|Any CPU.ActiveCfg = Release|Any CPU
		{6B277813-E3E9-4F46-AC6E-588F0E8652DE}.Release|Any CPU.Build.0 = Release|Any CPU
		{FC7BC5D8-C7ED-4773-845B-E03862FAAE12}.Debug|Any CPU.ActiveCfg = Debug|Any CPU
		{FC7BC5D8-C7ED-4773-845B-E03862FAAE12}.Debug|Any CPU.Build.0 = Debug|Any CPU
		{FC7BC5D8-C7ED-4773-845B-E03862FAAE12}.Release|Any CPU.ActiveCfg = Release|Any CPU
		{FC7BC5D8-C7ED-4773-845B-E03862FAAE12}.Release|Any CPU.Build.0 = Release|Any CPU
		{5ADCB17B-39EB-4FCC-9C6F-DC6519AA4C73}.Debug|Any CPU.ActiveCfg = Debug|Any CPU
		{5ADCB17B-39EB-4FCC-9C6F-DC6519AA4C73}.Debug|Any CPU.Build.0 = Debug|Any CPU
		{5ADCB17B-39EB-4FCC-9C6F-DC6519AA4C73}.Release|Any CPU.ActiveCfg = Release|Any CPU
		{5ADCB17B-39EB-4FCC-9C6F-DC6519AA4C73}.Release|Any CPU.Build.0 = Release|Any CPU
		{51229ED8-57FE-4F45-B14E-A227237A6EEF}.Debug|Any CPU.ActiveCfg = Debug|Any CPU
		{51229ED8-57FE-4F45-B14E-A227237A6EEF}.Debug|Any CPU.Build.0 = Debug|Any CPU
		{51229ED8-57FE-4F45-B14E-A227237A6EEF}.Release|Any CPU.ActiveCfg = Release|Any CPU
		{51229ED8-57FE-4F45-B14E-A227237A6EEF}.Release|Any CPU.Build.0 = Release|Any CPU
		{DD139EE7-0D16-4828-BE35-4E52E3D9BCEA}.Debug|Any CPU.ActiveCfg = Debug|Any CPU
		{DD139EE7-0D16-4828-BE35-4E52E3D9BCEA}.Debug|Any CPU.Build.0 = Debug|Any CPU
		{DD139EE7-0D16-4828-BE35-4E52E3D9BCEA}.Release|Any CPU.ActiveCfg = Release|Any CPU
		{DD139EE7-0D16-4828-BE35-4E52E3D9BCEA}.Release|Any CPU.Build.0 = Release|Any CPU
		{2C9D986C-61D7-4449-B80C-D0726FA85C17}.Debug|Any CPU.ActiveCfg = Debug|Any CPU
		{2C9D986C-61D7-4449-B80C-D0726FA85C17}.Debug|Any CPU.Build.0 = Debug|Any CPU
		{2C9D986C-61D7-4449-B80C-D0726FA85C17}.Release|Any CPU.ActiveCfg = Release|Any CPU
		{2C9D986C-61D7-4449-B80C-D0726FA85C17}.Release|Any CPU.Build.0 = Release|Any CPU
		{BBA40F3E-8E3F-429A-A4B5-7283F9E2AB75}.Debug|Any CPU.ActiveCfg = Debug|Any CPU
		{BBA40F3E-8E3F-429A-A4B5-7283F9E2AB75}.Debug|Any CPU.Build.0 = Debug|Any CPU
		{BBA40F3E-8E3F-429A-A4B5-7283F9E2AB75}.Release|Any CPU.ActiveCfg = Release|Any CPU
		{BBA40F3E-8E3F-429A-A4B5-7283F9E2AB75}.Release|Any CPU.Build.0 = Release|Any CPU
		{D236A354-9717-4E1B-85E8-2DBE051E60F1}.Debug|Any CPU.ActiveCfg = Debug|Any CPU
		{D236A354-9717-4E1B-85E8-2DBE051E60F1}.Debug|Any CPU.Build.0 = Debug|Any CPU
		{D236A354-9717-4E1B-85E8-2DBE051E60F1}.Release|Any CPU.ActiveCfg = Release|Any CPU
		{D236A354-9717-4E1B-85E8-2DBE051E60F1}.Release|Any CPU.Build.0 = Release|Any CPU
		{A9E0C68A-3B7C-4B90-89D3-4F305DCC4E78}.Debug|Any CPU.ActiveCfg = Debug|Any CPU
		{A9E0C68A-3B7C-4B90-89D3-4F305DCC4E78}.Debug|Any CPU.Build.0 = Debug|Any CPU
		{A9E0C68A-3B7C-4B90-89D3-4F305DCC4E78}.Release|Any CPU.ActiveCfg = Release|Any CPU
		{A9E0C68A-3B7C-4B90-89D3-4F305DCC4E78}.Release|Any CPU.Build.0 = Release|Any CPU
		{3B74EFB3-8331-4490-A7FC-80948EB33436}.Debug|Any CPU.ActiveCfg = Debug|Any CPU
		{3B74EFB3-8331-4490-A7FC-80948EB33436}.Debug|Any CPU.Build.0 = Debug|Any CPU
		{3B74EFB3-8331-4490-A7FC-80948EB33436}.Release|Any CPU.ActiveCfg = Release|Any CPU
		{3B74EFB3-8331-4490-A7FC-80948EB33436}.Release|Any CPU.Build.0 = Release|Any CPU
		{F0B0A895-EDBD-4B28-B689-B4EC996E0C9A}.Debug|Any CPU.ActiveCfg = Debug|Any CPU
		{F0B0A895-EDBD-4B28-B689-B4EC996E0C9A}.Debug|Any CPU.Build.0 = Debug|Any CPU
		{F0B0A895-EDBD-4B28-B689-B4EC996E0C9A}.Release|Any CPU.ActiveCfg = Release|Any CPU
		{F0B0A895-EDBD-4B28-B689-B4EC996E0C9A}.Release|Any CPU.Build.0 = Release|Any CPU
		{04C90D09-1579-470C-AE2C-E275D40C5511}.Debug|Any CPU.ActiveCfg = Debug|Any CPU
		{04C90D09-1579-470C-AE2C-E275D40C5511}.Debug|Any CPU.Build.0 = Debug|Any CPU
		{04C90D09-1579-470C-AE2C-E275D40C5511}.Release|Any CPU.ActiveCfg = Release|Any CPU
		{04C90D09-1579-470C-AE2C-E275D40C5511}.Release|Any CPU.Build.0 = Release|Any CPU
	EndGlobalSection
	GlobalSection(NestedProjects) = preSolution
		{5ADCB17B-39EB-4FCC-9C6F-DC6519AA4C73} = {78A68D04-44A3-49A5-B990-B8B9299ABE4F}
		{51229ED8-57FE-4F45-B14E-A227237A6EEF} = {78A68D04-44A3-49A5-B990-B8B9299ABE4F}
		{DD139EE7-0D16-4828-BE35-4E52E3D9BCEA} = {78A68D04-44A3-49A5-B990-B8B9299ABE4F}
		{2C9D986C-61D7-4449-B80C-D0726FA85C17} = {78A68D04-44A3-49A5-B990-B8B9299ABE4F}
		{BBA40F3E-8E3F-429A-A4B5-7283F9E2AB75} = {78A68D04-44A3-49A5-B990-B8B9299ABE4F}
		{D236A354-9717-4E1B-85E8-2DBE051E60F1} = {78A68D04-44A3-49A5-B990-B8B9299ABE4F}
		{A9E0C68A-3B7C-4B90-89D3-4F305DCC4E78} = {78A68D04-44A3-49A5-B990-B8B9299ABE4F}
		{00571020-03C3-4EE8-80E0-B30FA64D6BE3} = {49858354-FA40-4829-A3AB-552D2B72865F}
		{FC7BC5D8-C7ED-4773-845B-E03862FAAE12} = {49858354-FA40-4829-A3AB-552D2B72865F}
		{536EF018-4F81-40AA-887E-8DCF2734E574} = {49858354-FA40-4829-A3AB-552D2B72865F}
		{84A3E652-6E8A-435C-9489-61C9216A3DBA} = {49858354-FA40-4829-A3AB-552D2B72865F}
		{F0B0A895-EDBD-4B28-B689-B4EC996E0C9A} = {49858354-FA40-4829-A3AB-552D2B72865F}
		{6B277813-E3E9-4F46-AC6E-588F0E8652DE} = {E8E8E8E8-E8E8-4E8E-8E8E-E8E8E8E8E8E8}
		{3B74EFB3-8331-4490-A7FC-80948EB33436} = {E8E8E8E8-E8E8-4E8E-8E8E-E8E8E8E8E8E8}
		{04C90D09-1579-470C-AE2C-E275D40C5511} = {E8E8E8E8-E8E8-4E8E-8E8E-E8E8E8E8E8E8}
	EndGlobalSection
EndGlobal
